
Microsoft Visual Studio Solution File, Format Version 12.00
# Visual Studio 15
VisualStudioVersion = 15.0.27130.2036
MinimumVisualStudioVersion = 10.0.40219.1
Project("{FAE04EC0-301F-11D3-BF4B-00C04F79EFBC}") = "WPWeather", "WPWeather\WPWeather.csproj", "{A39688E2-1586-4126-892E-EAA13F665DFC}"
EndProject
Global
	GlobalSection(SolutionConfigurationPlatforms) = preSolution
		Debug|Any CPU = Debug|Any CPU
		Release|Any CPU = Release|Any CPU
	EndGlobalSection
	GlobalSection(ProjectConfigurationPlatforms) = postSolution
		{A39688E2-1586-4126-892E-EAA13F665DFC}.Debug|Any CPU.ActiveCfg = Debug|Any CPU
		{A39688E2-1586-4126-892E-EAA13F665DFC}.Debug|Any CPU.Build.0 = Debug|Any CPU
		{A39688E2-1586-4126-892E-EAA13F665DFC}.Release|Any CPU.ActiveCfg = Release|Any CPU
		{A39688E2-1586-4126-892E-EAA13F665DFC}.Release|Any CPU.Build.0 = Release|Any CPU
	EndGlobalSection
	GlobalSection(SolutionProperties) = preSolution
		HideSolutionNode = FALSE
	EndGlobalSection
	GlobalSection(ExtensibilityGlobals) = postSolution
		SolutionGuid = {4101E992-D203-4BF9-9C23-0DFDDD6B460D}
	EndGlobalSection
EndGlobal
